{
    "_meta": {
        "hash": {
            "sha256": "ffa4a003f944fcc9f28c32e1067b62b543cbcd25627cc1252ae7a8780d8dacc0"
        },
        "pipfile-spec": 6,
        "requires": {
            "python_version": "3.7"
        },
        "sources": [
            {
                "name": "pypi",
                "url": "https://pypi.org/simple",
                "verify_ssl": true
            }
        ]
    },
    "default": {
        "digi-xbee": {
            "git": "git://github.com/digidotcom/python-xbee",
            "ref": "3913114f2f47999d5535823b54c06fbc63c07fd6"
        },
        "pypacker": {
            "hashes": [
                "sha256:da5dd09d30f2603378265da5c11351f5b891ba5cd96458dff31bac6d44cbe4af"
            ],
            "index": "pypi",
            "version": "==4.5"
        },
        "pyserial": {
            "hashes": [
                "sha256:6e2d401fdee0eab996cf734e67773a0143b932772ca8b42451440cfed942c627",
                "sha256:e0770fadba80c31013896c7e6ef703f72e7834965954a78e71a3049488d4d7d8"
            ],
            "index": "pypi",
            "version": "==3.4"
        },
        "python-pytun": {
            "hashes": [
                "sha256:27aae68d347366058748a1d462fe817494863df65dca576a9fea4cf5c5cba884",
                "sha256:32be1cdf3c318b0ec88c64c90ae44ce041d8d98c1c8bb1b93646edefb0be8ef4",
                "sha256:5044add1b0b82bf68c47cb3f312edc243ed73b05cade5045758358148a529754",
                "sha256:5ead86b3391acef239535ebcabeb04d2cdc6b40ab14580d28c6da193c2d1fe53",
                "sha256:86a255c0233f2a2c30fade3d088e68dc5a70653e40824a286f23c3e61f978b7c",
                "sha256:9b918ff11b92f85781baffc258d6c94d49fb9367ad8c166724b88e46c46421f9",
                "sha256:9e5295767217f60e3fcbd2e73d4f8c798e9c5d9a09b3c6eedadaedfaf66c85d9"
            ],
            "index": "pypi",
            "version": "==2.3.0"
        },
        "setuptools": {
            "hashes": [
                "sha256:57f6f22bde4e042978bcd50176fdb381d7c21a9efa4041202288d3737a0c6a54",
                "sha256:a7620757bf984b58deaf32fc8a4577a9bbc0850cf92c20e1ce41c38c19e5fb75"
            ],
            "index": "pypi",
            "version": "==65.6.3"
        },
        "wheel": {
            "hashes": [
                "sha256:7a95f9a8dc0924ef318bd55b616112c70903192f524d120acc614f59547a9e1f",
                "sha256:ea041edf63f4ccba53ad6e035427997b3bb10ee88a4cd014ae82aeb9eea77bb9"
            ],
            "index": "pypi",
            "version": "==0.38.1"
        }
    },
    "develop": {}
}
